
Microsoft Visual Studio Solution File, Format Version 12.00
# Visual Studio Version 17
VisualStudioVersion = 17.14.37027.9 d17.14
MinimumVisualStudioVersion = 10.0.40219.1
Project("{FAE04EC0-301F-11D3-BF4B-00C04F79EFBC}") = "StructuralPatternsApp", "StructuralPatternsApp\StructuralPatternsApp.csproj", "{1E87FDBA-E572-4ADE-9377-11C55D3431B6}"
EndProject
Global
	GlobalSection(SolutionConfigurationPlatforms) = preSolution
		Debug|Any CPU = Debug|Any CPU
		Release|Any CPU = Release|Any CPU
	EndGlobalSection
	GlobalSection(ProjectConfigurationPlatforms) = postSolution
		{1E87FDBA-E572-4ADE-9377-11C55D3431B6}.Debug|Any CPU.ActiveCfg = Debug|Any CPU
		{1E87FDBA-E572-4ADE-9377-11C55D3431B6}.Debug|Any CPU.Build.0 = Debug|Any CPU
		{1E87FDBA-E572-4ADE-9377-11C55D3431B6}.Release|Any CPU.ActiveCfg = Release|Any CPU
		{1E87FDBA-E572-4ADE-9377-11C55D3431B6}.Release|Any CPU.Build.0 = Release|Any CPU
	EndGlobalSection
	GlobalSection(SolutionProperties) = preSolution
		HideSolutionNode = FALSE
	EndGlobalSection
	GlobalSection(ExtensibilityGlobals) = postSolution
		SolutionGuid = {2B486F81-7C0A-4595-B937-758D50CDFF72}
	EndGlobalSection
EndGlobal
